// !$*UTF8*$!
{
	archiveVersion = 1;
	classes = {
	};
	objectVersion = 46;
	objects = {

/* Begin PBXBuildFile section */
		810305191EC5F3EE00A0C46C /* DessertShop.cpp in Sources */ = {isa = PBXBuildFile; fileRef = 810305151EC5F3EE00A0C46C /* DessertShop.cpp */; };
		817C872C1EC5F16700861D9C /* main.cpp in Sources */ = {isa = PBXBuildFile; fileRef = 817C872B1EC5F16700861D9C /* main.cpp */; };
/* End PBXBuildFile section */

/* Begin PBXCopyFilesBuildPhase section */
		817C87261EC5F16700861D9C /* CopyFiles */ = {
			isa = PBXCopyFilesBuildPhase;
			buildActionMask = 2147483647;
			dstPath = /usr/share/man/man1/;
			dstSubfolderSpec = 0;
			files = (
			);
			runOnlyForDeploymentPostprocessing = 1;
		};
/* End PBXCopyFilesBuildPhase section */

/* Begin PBXFileReference section */
		810305141EC5F3EE00A0C46C /* checkout.txt */ = {isa = PBXFileReference; fileEncoding = 4; lastKnownFileType = text; path = checkout.txt; sourceTree = "<group>"; };
		810305151EC5F3EE00A0C46C /* DessertShop.cpp */ = {isa = PBXFileReference; fileEncoding = 4; lastKnownFileType = sourcecode.cpp.cpp; path = DessertShop.cpp; sourceTree = "<group>"; };
		810305161EC5F3EE00A0C46C /* order.txt */ = {isa = PBXFileReference; fileEncoding = 4; lastKnownFileType = text; path = order.txt; sourceTree = "<group>"; };
		810305171EC5F3EE00A0C46C /* output.txt */ = {isa = PBXFileReference; fileEncoding = 4; lastKnownFileType = text; path = output.txt; sourceTree = "<group>"; };
		810305181EC5F3EE00A0C46C /* stock.txt */ = {isa = PBXFileReference; fileEncoding = 4; lastKnownFileType = text; path = stock.txt; sourceTree = "<group>"; };
		817C87281EC5F16700861D9C /* OOP-HW3 */ = {isa = PBXFileReference; explicitFileType = "compiled.mach-o.executable"; includeInIndex = 0; path = "OOP-HW3"; sourceTree = BUILT_PRODUCTS_DIR; };
		817C872B1EC5F16700861D9C /* main.cpp */ = {isa = PBXFileReference; lastKnownFileType = sourcecode.cpp.cpp; path = main.cpp; sourceTree = "<group>"; };
/* End PBXFileReference section */

/* Begin PBXFrameworksBuildPhase section */
		817C87251EC5F16700861D9C /* Frameworks */ = {
			isa = PBXFrameworksBuildPhase;
			buildActionMask = 2147483647;
			files = (
			);
			runOnlyForDeploymentPostprocessing = 0;
		};
/* End PBXFrameworksBuildPhase section */

/* Begin PBXGroup section */
		817C871F1EC5F16700861D9C = {
			isa = PBXGroup;
			children = (
				817C872A1EC5F16700861D9C /* OOP-HW3 */,
				817C87291EC5F16700861D9C /* Products */,
			);
			sourceTree = "<group>";
		};
		817C87291EC5F16700861D9C /* Products */ = {
			isa = PBXGroup;
			children = (
				817C87281EC5F16700861D9C /* OOP-HW3 */,
			);
			name = Products;
			sourceTree = "<group>";
		};
		817C872A1EC5F16700861D9C /* OOP-HW3 */ = {
			isa = PBXGroup;
			children = (
				817C872B1EC5F16700861D9C /* main.cpp */,
				810305141EC5F3EE00A0C46C /* checkout.txt */,
				810305151EC5F3EE00A0C46C /* DessertShop.cpp */,
				810305161EC5F3EE00A0C46C /* order.txt */,
				810305171EC5F3EE00A0C46C /* output.txt */,
				810305181EC5F3EE00A0C46C /* stock.txt */,
			);
			path = "OOP-HW3";
			sourceTree = "<group>";
		};
/* End PBXGroup section */

/* Begin PBXNativeTarget section */
		817C87271EC5F16700861D9C /* OOP-HW3 */ = {
			isa = PBXNativeTarget;
			buildConfigurationList = 817C872F1EC5F16700861D9C /* Build configuration list for PBXNativeTarget "OOP-HW3" */;
			buildPhases = (
				817C87241EC5F16700861D9C /* Sources */,
				817C87251EC5F16700861D9C /* Frameworks */,
				817C87261EC5F16700861D9C /* CopyFiles */,
			);
			buildRules = (
			);
			dependencies = (
			);
			name = "OOP-HW3";
			productName = "OOP-HW3";
			productReference = 817C87281EC5F16700861D9C /* OOP-HW3 */;
			productType = "com.apple.product-type.tool";
		};
/* End PBXNativeTarget section */

/* Begin PBXProject section */
		817C87201EC5F16700861D9C /* Project object */ = {
			isa = PBXProject;
			attributes = {
				LastUpgradeCheck = 0830;
				ORGANIZATIONNAME = "Doruk Gezici";
				TargetAttributes = {
					817C87271EC5F16700861D9C = {
						CreatedOnToolsVersion = 8.3.2;
						DevelopmentTeam = HYE6963K2F;
						ProvisioningStyle = Automatic;
					};
				};
			};
			buildConfigurationList = 817C87231EC5F16700861D9C /* Build configuration list for PBXProject "OOP-HW3" */;
			compatibilityVersion = "Xcode 3.2";
			developmentRegion = English;
			hasScannedForEncodings = 0;
			knownRegions = (
				en,
			);
			mainGroup = 817C871F1EC5F16700861D9C;
			productRefGroup = 817C87291EC5F16700861D9C /* Products */;
			projectDirPath = "";
			projectRoot = "";
			targets = (
				817C87271EC5F16700861D9C /* OOP-HW3 */,
			);
		};
/* End PBXProject section */

/* Begin PBXSourcesBuildPhase section */
		817C87241EC5F16700861D9C /* Sources */ = {
			isa = PBXSourcesBuildPhase;
			buildActionMask = 2147483647;
			files = (
				810305191EC5F3EE00A0C46C /* DessertShop.cpp in Sources */,
				817C872C1EC5F16700861D9C /* main.cpp in Sources */,
			);
			runOnlyForDeploymentPostprocessing = 0;
		};
/* End PBXSourcesBuildPhase section */

/* Begin XCBuildConfiguration section */
		817C872D1EC5F16700861D9C /* Debug */ = {
			isa = XCBuildConfiguration;
			buildSettings = {
				ALWAYS_SEARCH_USER_PATHS = NO;
				CLANG_ANALYZER_NONNULL = YES;
				CLANG_ANALYZER_NUMBER_OBJECT_CONVERSION = YES_AGGRESSIVE;
				CLANG_CXX_LANGUAGE_STANDARD = "gnu++0x";
				CLANG_CXX_LIBRARY = "libc++";
				CLANG_ENABLE_MODULES = YES;
				CLANG_ENABLE_OBJC_ARC = YES;
				CLANG_WARN_BOOL_CONVERSION = YES;
				CLANG_WARN_CONSTANT_CONVERSION = YES;
				CLANG_WARN_DIRECT_OBJC_ISA_USAGE = YES_ERROR;
				CLANG_WARN_DOCUMENTATION_COMMENTS = YES;
				CLANG_WARN_EMPTY_BODY = YES;
				CLANG_WARN_ENUM_CONVERSION = YES;
				CLANG_WARN_INFINITE_RECURSION = YES;
				CLANG_WARN_INT_CONVERSION = YES;
				CLANG_WARN_OBJC_ROOT_CLASS = YES_ERROR;
				CLANG_WARN_SUSPICIOUS_MOVE = YES;
				CLANG_WARN_UNREACHABLE_CODE = YES;
				CLANG_WARN__DUPLICATE_METHOD_MATCH = YES;
				CODE_SIGN_IDENTITY = "-";
				COPY_PHASE_STRIP = NO;
				DEBUG_INFORMATION_FORMAT = dwarf;
				ENABLE_STRICT_OBJC_MSGSEND = YES;
				ENABLE_TESTABILITY = YES;
				GCC_C_LANGUAGE_STANDARD = gnu99;
				GCC_DYNAMIC_NO_PIC = NO;
				GCC_NO_COMMON_BLOCKS = YES;
				GCC_OPTIMIZATION_LEVEL = 0;
				GCC_PREPROCESSOR_DEFINITIONS = (
					"DEBUG=1",
					"$(inherited)",
				);
				GCC_WARN_64_TO_32_BIT_CONVERSION = YES;
				GCC_WARN_ABOUT_RETURN_TYPE = YES_ERROR;
				GCC_WARN_UNDECLARED_SELECTOR = YES;
				GCC_WARN_UNINITIALIZED_AUTOS = YES_AGGRESSIVE;
				GCC_WARN_UNUSED_FUNCTION = YES;
				GCC_WARN_UNUSED_VARIABLE = YES;
				MACOSX_DEPLOYMENT_TARGET = 10.12;
				MTL_ENABLE_DEBUG_INFO = YES;
				ONLY_ACTIVE_ARCH = YES;
				SDKROOT = macosx;
			};
			name = Debug;
		};
		817C872E1EC5F16700861D9C /* Release */ = {
			isa = XCBuildConfiguration;
			buildSettings = {
				ALWAYS_SEARCH_USER_PATHS = NO;
				CLANG_ANALYZER_NONNULL = YES;
				CLANG_ANALYZER_NUMBER_OBJECT_CONVERSION = YES_AGGRESSIVE;
				CLANG_CXX_LANGUAGE_STANDARD = "gnu++0x";
				CLANG_CXX_LIBRARY = "libc++";
				CLANG_ENABLE_MODULES = YES;
				CLANG_ENABLE_OBJC_ARC = YES;
				CLANG_WARN_BOOL_CONVERSION = YES;
				CLANG_WARN_CONSTANT_CONVERSION = YES;
				CLANG_WARN_DIRECT_OBJC_ISA_USAGE = YES_ERROR;
				CLANG_WARN_DOCUMENTATION_COMMENTS = YES;
				CLANG_WARN_EMPTY_BODY = YES;
				CLANG_WARN_ENUM_CONVERSION = YES;
				CLANG_WARN_INFINITE_RECURSION = YES;
				CLANG_WARN_INT_CONVERSION = YES;
				CLANG_WARN_OBJC_ROOT_CLASS = YES_ERROR;
				CLANG_WARN_SUSPICIOUS_MOVE = YES;
				CLANG_WARN_UNREACHABLE_CODE = YES;
				CLANG_WARN__DUPLICATE_METHOD_MATCH = YES;
				CODE_SIGN_IDENTITY = "-";
				COPY_PHASE_STRIP = NO;
				DEBUG_INFORMATION_FORMAT = "dwarf-with-dsym";
				ENABLE_NS_ASSERTIONS = NO;
				ENABLE_STRICT_OBJC_MSGSEND = YES;
				GCC_C_LANGUAGE_STANDARD = gnu99;
				GCC_NO_COMMON_BLOCKS = YES;
				GCC_WARN_64_TO_32_BIT_CONVERSION = YES;
				GCC_WARN_ABOUT_RETURN_TYPE = YES_ERROR;
				GCC_WARN_UNDECLARED_SELECTOR = YES;
				GCC_WARN_UNINITIALIZED_AUTOS = YES_AGGRESSIVE;
				GCC_WARN_UNUSED_FUNCTION = YES;
				GCC_WARN_UNUSED_VARIABLE = YES;
				MACOSX_DEPLOYMENT_TARGET = 10.12;
				MTL_ENABLE_DEBUG_INFO = NO;
				SDKROOT = macosx;
			};
			name = Release;
		};
		817C87301EC5F16700861D9C /* Debug */ = {
			isa = XCBuildConfiguration;
			buildSettings = {
				DEVELOPMENT_TEAM = HYE6963K2F;
				PRODUCT_NAME = "$(TARGET_NAME)";
			};
			name = Debug;
		};
		817C87311EC5F16700861D9C /* Release */ = {
			isa = XCBuildConfiguration;
			buildSettings = {
				DEVELOPMENT_TEAM = HYE6963K2F;
				PRODUCT_NAME = "$(TARGET_NAME)";
			};
			name = Release;
		};
/* End XCBuildConfiguration section */

/* Begin XCConfigurationList section */
		817C87231EC5F16700861D9C /* Build configuration list for PBXProject "OOP-HW3" */ = {
			isa = XCConfigurationList;
			buildConfigurations = (
				817C872D1EC5F16700861D9C /* Debug */,
				817C872E1EC5F16700861D9C /* Release */,
			);
			defaultConfigurationIsVisible = 0;
			defaultConfigurationName = Release;
		};
		817C872F1EC5F16700861D9C /* Build configuration list for PBXNativeTarget "OOP-HW3" */ = {
			isa = XCConfigurationList;
			buildConfigurations = (
				817C87301EC5F16700861D9C /* Debug */,
				817C87311EC5F16700861D9C /* Release */,
			);
			defaultConfigurationIsVisible = 0;
			defaultConfigurationName = Release;
		};
/* End XCConfigurationList section */
	};
	rootObject = 817C87201EC5F16700861D9C /* Project object */;
}
